// !$*UTF8*$!
{
	archiveVersion = 1;
	classes = {
	};
	objectVersion = 56;
	objects = {

/* Begin PBXBuildFile section */
		637E16442BF97B2F00E52C1C /* GameStreamApp.swift in Sources */ = {isa = PBXBuildFile; fileRef = 637E16432BF97B2F00E52C1C /* GameStreamApp.swift */; };
		637E16462BF97B2F00E52C1C /* ContentView.swift in Sources */ = {isa = PBXBuildFile; fileRef = 637E16452BF97B2F00E52C1C /* ContentView.swift */; };
		637E16482BF97B3000E52C1C /* Assets.xcassets in Resources */ = {isa = PBXBuildFile; fileRef = 637E16472BF97B3000E52C1C /* Assets.xcassets */; };
		637E164B2BF97B3000E52C1C /* Preview Assets.xcassets in Resources */ = {isa = PBXBuildFile; fileRef = 637E164A2BF97B3000E52C1C /* Preview Assets.xcassets */; };
		637E16552BF97B3000E52C1C /* GameStreamTests.swift in Sources */ = {isa = PBXBuildFile; fileRef = 637E16542BF97B3000E52C1C /* GameStreamTests.swift */; };
		637E165F2BF97B3000E52C1C /* GameStreamUITests.swift in Sources */ = {isa = PBXBuildFile; fileRef = 637E165E2BF97B3000E52C1C /* GameStreamUITests.swift */; };
		637E16612BF97B3000E52C1C /* GameStreamUITestsLaunchTests.swift in Sources */ = {isa = PBXBuildFile; fileRef = 637E16602BF97B3000E52C1C /* GameStreamUITestsLaunchTests.swift */; };
		63E5DE042BFAA68D002030C8 /* HomeView.swift in Sources */ = {isa = PBXBuildFile; fileRef = 63E5DE032BFAA68D002030C8 /* HomeView.swift */; };
		63E5DE062BFB16FD002030C8 /* GamesView.swift in Sources */ = {isa = PBXBuildFile; fileRef = 63E5DE052BFB16FD002030C8 /* GamesView.swift */; };
		63E5DE102BFB1992002030C8 /* HomeModel.swift in Sources */ = {isa = PBXBuildFile; fileRef = 63E5DE0F2BFB1992002030C8 /* HomeModel.swift */; };
		63E5DE122BFB199D002030C8 /* GamesModel.swift in Sources */ = {isa = PBXBuildFile; fileRef = 63E5DE112BFB199D002030C8 /* GamesModel.swift */; };
		63E5DE142BFB19CA002030C8 /* HomeViewModel.swift in Sources */ = {isa = PBXBuildFile; fileRef = 63E5DE132BFB19CA002030C8 /* HomeViewModel.swift */; };
		63E5DE162BFB19DA002030C8 /* GamesViewModel.swift in Sources */ = {isa = PBXBuildFile; fileRef = 63E5DE152BFB19DA002030C8 /* GamesViewModel.swift */; };
/* End PBXBuildFile section */

/* Begin PBXContainerItemProxy section */
		637E16512BF97B3000E52C1C /* PBXContainerItemProxy */ = {
			isa = PBXContainerItemProxy;
			containerPortal = 637E16382BF97B2F00E52C1C /* Project object */;
			proxyType = 1;
			remoteGlobalIDString = 637E163F2BF97B2F00E52C1C;
			remoteInfo = GameStream;
		};
		637E165B2BF97B3000E52C1C /* PBXContainerItemProxy */ = {
			isa = PBXContainerItemProxy;
			containerPortal = 637E16382BF97B2F00E52C1C /* Project object */;
			proxyType = 1;
			remoteGlobalIDString = 637E163F2BF97B2F00E52C1C;
			remoteInfo = GameStream;
		};
/* End PBXContainerItemProxy section */

/* Begin PBXFileReference section */
		637E16402BF97B2F00E52C1C /* GameStream.app */ = {isa = PBXFileReference; explicitFileType = wrapper.application; includeInIndex = 0; path = GameStream.app; sourceTree = BUILT_PRODUCTS_DIR; };
		637E16432BF97B2F00E52C1C /* GameStreamApp.swift */ = {isa = PBXFileReference; lastKnownFileType = sourcecode.swift; path = GameStreamApp.swift; sourceTree = "<group>"; };
		637E16452BF97B2F00E52C1C /* ContentView.swift */ = {isa = PBXFileReference; lastKnownFileType = sourcecode.swift; path = ContentView.swift; sourceTree = "<group>"; };
		637E16472BF97B3000E52C1C /* Assets.xcassets */ = {isa = PBXFileReference; lastKnownFileType = folder.assetcatalog; path = Assets.xcassets; sourceTree = "<group>"; };
		637E164A2BF97B3000E52C1C /* Preview Assets.xcassets */ = {isa = PBXFileReference; lastKnownFileType = folder.assetcatalog; path = "Preview Assets.xcassets"; sourceTree = "<group>"; };
		637E16502BF97B3000E52C1C /* GameStreamTests.xctest */ = {isa = PBXFileReference; explicitFileType = wrapper.cfbundle; includeInIndex = 0; path = GameStreamTests.xctest; sourceTree = BUILT_PRODUCTS_DIR; };
		637E16542BF97B3000E52C1C /* GameStreamTests.swift */ = {isa = PBXFileReference; lastKnownFileType = sourcecode.swift; path = GameStreamTests.swift; sourceTree = "<group>"; };
		637E165A2BF97B3000E52C1C /* GameStreamUITests.xctest */ = {isa = PBXFileReference; explicitFileType = wrapper.cfbundle; includeInIndex = 0; path = GameStreamUITests.xctest; sourceTree = BUILT_PRODUCTS_DIR; };
		637E165E2BF97B3000E52C1C /* GameStreamUITests.swift */ = {isa = PBXFileReference; lastKnownFileType = sourcecode.swift; path = GameStreamUITests.swift; sourceTree = "<group>"; };
		637E16602BF97B3000E52C1C /* GameStreamUITestsLaunchTests.swift */ = {isa = PBXFileReference; lastKnownFileType = sourcecode.swift; path = GameStreamUITestsLaunchTests.swift; sourceTree = "<group>"; };
		63E5DE032BFAA68D002030C8 /* HomeView.swift */ = {isa = PBXFileReference; lastKnownFileType = sourcecode.swift; path = HomeView.swift; sourceTree = "<group>"; };
		63E5DE052BFB16FD002030C8 /* GamesView.swift */ = {isa = PBXFileReference; lastKnownFileType = sourcecode.swift; path = GamesView.swift; sourceTree = "<group>"; };
		63E5DE0F2BFB1992002030C8 /* HomeModel.swift */ = {isa = PBXFileReference; lastKnownFileType = sourcecode.swift; path = HomeModel.swift; sourceTree = "<group>"; };
		63E5DE112BFB199D002030C8 /* GamesModel.swift */ = {isa = PBXFileReference; lastKnownFileType = sourcecode.swift; path = GamesModel.swift; sourceTree = "<group>"; };
		63E5DE132BFB19CA002030C8 /* HomeViewModel.swift */ = {isa = PBXFileReference; lastKnownFileType = sourcecode.swift; path = HomeViewModel.swift; sourceTree = "<group>"; };
		63E5DE152BFB19DA002030C8 /* GamesViewModel.swift */ = {isa = PBXFileReference; lastKnownFileType = sourcecode.swift; path = GamesViewModel.swift; sourceTree = "<group>"; };
/* End PBXFileReference section */

/* Begin PBXFrameworksBuildPhase section */
		637E163D2BF97B2F00E52C1C /* Frameworks */ = {
			isa = PBXFrameworksBuildPhase;
			buildActionMask = 2147483647;
			files = (
			);
			runOnlyForDeploymentPostprocessing = 0;
		};
		637E164D2BF97B3000E52C1C /* Frameworks */ = {
			isa = PBXFrameworksBuildPhase;
			buildActionMask = 2147483647;
			files = (
			);
			runOnlyForDeploymentPostprocessing = 0;
		};
		637E16572BF97B3000E52C1C /* Frameworks */ = {
			isa = PBXFrameworksBuildPhase;
			buildActionMask = 2147483647;
			files = (
			);
			runOnlyForDeploymentPostprocessing = 0;
		};
/* End PBXFrameworksBuildPhase section */

/* Begin PBXGroup section */
		637E16372BF97B2F00E52C1C = {
			isa = PBXGroup;
			children = (
				637E16422BF97B2F00E52C1C /* GameStream */,
				637E16532BF97B3000E52C1C /* GameStreamTests */,
				637E165D2BF97B3000E52C1C /* GameStreamUITests */,
				637E16412BF97B2F00E52C1C /* Products */,
			);
			sourceTree = "<group>";
		};
		637E16412BF97B2F00E52C1C /* Products */ = {
			isa = PBXGroup;
			children = (
				637E16402BF97B2F00E52C1C /* GameStream.app */,
				637E16502BF97B3000E52C1C /* GameStreamTests.xctest */,
				637E165A2BF97B3000E52C1C /* GameStreamUITests.xctest */,
			);
			name = Products;
			sourceTree = "<group>";
		};
		637E16422BF97B2F00E52C1C /* GameStream */ = {
			isa = PBXGroup;
			children = (
				637E16432BF97B2F00E52C1C /* GameStreamApp.swift */,
				637E16452BF97B2F00E52C1C /* ContentView.swift */,
				63E5DE072BFB1811002030C8 /* Home */,
				63E5DE0B2BFB188A002030C8 /* Games */,
				637E16472BF97B3000E52C1C /* Assets.xcassets */,
				637E16492BF97B3000E52C1C /* Preview Content */,
			);
			path = GameStream;
			sourceTree = "<group>";
		};
		637E16492BF97B3000E52C1C /* Preview Content */ = {
			isa = PBXGroup;
			children = (
				637E164A2BF97B3000E52C1C /* Preview Assets.xcassets */,
			);
			path = "Preview Content";
			sourceTree = "<group>";
		};
		637E16532BF97B3000E52C1C /* GameStreamTests */ = {
			isa = PBXGroup;
			children = (
				637E16542BF97B3000E52C1C /* GameStreamTests.swift */,
			);
			path = GameStreamTests;
			sourceTree = "<group>";
		};
		637E165D2BF97B3000E52C1C /* GameStreamUITests */ = {
			isa = PBXGroup;
			children = (
				637E165E2BF97B3000E52C1C /* GameStreamUITests.swift */,
				637E16602BF97B3000E52C1C /* GameStreamUITestsLaunchTests.swift */,
			);
			path = GameStreamUITests;
			sourceTree = "<group>";
		};
		63E5DE072BFB1811002030C8 /* Home */ = {
			isa = PBXGroup;
			children = (
				63E5DE082BFB1824002030C8 /* Model */,
				63E5DE092BFB183C002030C8 /* View */,
				63E5DE0A2BFB184A002030C8 /* ViewModel */,
			);
			path = Home;
			sourceTree = "<group>";
		};
		63E5DE082BFB1824002030C8 /* Model */ = {
			isa = PBXGroup;
			children = (
				63E5DE0F2BFB1992002030C8 /* HomeModel.swift */,
			);
			path = Model;
			sourceTree = "<group>";
		};
		63E5DE092BFB183C002030C8 /* View */ = {
			isa = PBXGroup;
			children = (
				63E5DE032BFAA68D002030C8 /* HomeView.swift */,
			);
			path = View;
			sourceTree = "<group>";
		};
		63E5DE0A2BFB184A002030C8 /* ViewModel */ = {
			isa = PBXGroup;
			children = (
				63E5DE132BFB19CA002030C8 /* HomeViewModel.swift */,
			);
			path = ViewModel;
			sourceTree = "<group>";
		};
		63E5DE0B2BFB188A002030C8 /* Games */ = {
			isa = PBXGroup;
			children = (
				63E5DE0C2BFB1894002030C8 /* Model */,
				63E5DE0D2BFB1899002030C8 /* View */,
				63E5DE0E2BFB18A3002030C8 /* ViewModel */,
			);
			path = Games;
			sourceTree = "<group>";
		};
		63E5DE0C2BFB1894002030C8 /* Model */ = {
			isa = PBXGroup;
			children = (
				63E5DE112BFB199D002030C8 /* GamesModel.swift */,
			);
			path = Model;
			sourceTree = "<group>";
		};
		63E5DE0D2BFB1899002030C8 /* View */ = {
			isa = PBXGroup;
			children = (
				63E5DE052BFB16FD002030C8 /* GamesView.swift */,
			);
			path = View;
			sourceTree = "<group>";
		};
		63E5DE0E2BFB18A3002030C8 /* ViewModel */ = {
			isa = PBXGroup;
			children = (
				63E5DE152BFB19DA002030C8 /* GamesViewModel.swift */,
			);
			path = ViewModel;
			sourceTree = "<group>";
		};
/* End PBXGroup section */

/* Begin PBXNativeTarget section */
		637E163F2BF97B2F00E52C1C /* GameStream */ = {
			isa = PBXNativeTarget;
			buildConfigurationList = 637E16642BF97B3000E52C1C /* Build configuration list for PBXNativeTarget "GameStream" */;
			buildPhases = (
				637E163C2BF97B2F00E52C1C /* Sources */,
				637E163D2BF97B2F00E52C1C /* Frameworks */,
				637E163E2BF97B2F00E52C1C /* Resources */,
			);
			buildRules = (
			);
			dependencies = (
			);
			name = GameStream;
			productName = GameStream;
			productReference = 637E16402BF97B2F00E52C1C /* GameStream.app */;
			productType = "com.apple.product-type.application";
		};
		637E164F2BF97B3000E52C1C /* GameStreamTests */ = {
			isa = PBXNativeTarget;
			buildConfigurationList = 637E16672BF97B3000E52C1C /* Build configuration list for PBXNativeTarget "GameStreamTests" */;
			buildPhases = (
				637E164C2BF97B3000E52C1C /* Sources */,
				637E164D2BF97B3000E52C1C /* Frameworks */,
				637E164E2BF97B3000E52C1C /* Resources */,
			);
			buildRules = (
			);
			dependencies = (
				637E16522BF97B3000E52C1C /* PBXTargetDependency */,
			);
			name = GameStreamTests;
			productName = GameStreamTests;
			productReference = 637E16502BF97B3000E52C1C /* GameStreamTests.xctest */;
			productType = "com.apple.product-type.bundle.unit-test";
		};
		637E16592BF97B3000E52C1C /* GameStreamUITests */ = {
			isa = PBXNativeTarget;
			buildConfigurationList = 637E166A2BF97B3000E52C1C /* Build configuration list for PBXNativeTarget "GameStreamUITests" */;
			buildPhases = (
				637E16562BF97B3000E52C1C /* Sources */,
				637E16572BF97B3000E52C1C /* Frameworks */,
				637E16582BF97B3000E52C1C /* Resources */,
			);
			buildRules = (
			);
			dependencies = (
				637E165C2BF97B3000E52C1C /* PBXTargetDependency */,
			);
			name = GameStreamUITests;
			productName = GameStreamUITests;
			productReference = 637E165A2BF97B3000E52C1C /* GameStreamUITests.xctest */;
			productType = "com.apple.product-type.bundle.ui-testing";
		};
/* End PBXNativeTarget section */

/* Begin PBXProject section */
		637E16382BF97B2F00E52C1C /* Project object */ = {
			isa = PBXProject;
			attributes = {
				BuildIndependentTargetsInParallel = 1;
				LastSwiftUpdateCheck = 1540;
				LastUpgradeCheck = 1540;
				TargetAttributes = {
					637E163F2BF97B2F00E52C1C = {
						CreatedOnToolsVersion = 15.4;
					};
					637E164F2BF97B3000E52C1C = {
						CreatedOnToolsVersion = 15.4;
						TestTargetID = 637E163F2BF97B2F00E52C1C;
					};
					637E16592BF97B3000E52C1C = {
						CreatedOnToolsVersion = 15.4;
						TestTargetID = 637E163F2BF97B2F00E52C1C;
					};
				};
			};
			buildConfigurationList = 637E163B2BF97B2F00E52C1C /* Build configuration list for PBXProject "GameStream" */;
			compatibilityVersion = "Xcode 14.0";
			developmentRegion = en;
			hasScannedForEncodings = 0;
			knownRegions = (
				en,
				Base,
			);
			mainGroup = 637E16372BF97B2F00E52C1C;
			productRefGroup = 637E16412BF97B2F00E52C1C /* Products */;
			projectDirPath = "";
			projectRoot = "";
			targets = (
				637E163F2BF97B2F00E52C1C /* GameStream */,
				637E164F2BF97B3000E52C1C /* GameStreamTests */,
				637E16592BF97B3000E52C1C /* GameStreamUITests */,
			);
		};
/* End PBXProject section */

/* Begin PBXResourcesBuildPhase section */
		637E163E2BF97B2F00E52C1C /* Resources */ = {
			isa = PBXResourcesBuildPhase;
			buildActionMask = 2147483647;
			files = (
				637E164B2BF97B3000E52C1C /* Preview Assets.xcassets in Resources */,
				637E16482BF97B3000E52C1C /* Assets.xcassets in Resources */,
			);
			runOnlyForDeploymentPostprocessing = 0;
		};
		637E164E2BF97B3000E52C1C /* Resources */ = {
			isa = PBXResourcesBuildPhase;
			buildActionMask = 2147483647;
			files = (
			);
			runOnlyForDeploymentPostprocessing = 0;
		};
		637E16582BF97B3000E52C1C /* Resources */ = {
			isa = PBXResourcesBuildPhase;
			buildActionMask = 2147483647;
			files = (
			);
			runOnlyForDeploymentPostprocessing = 0;
		};
/* End PBXResourcesBuildPhase section */

/* Begin PBXSourcesBuildPhase section */
		637E163C2BF97B2F00E52C1C /* Sources */ = {
			isa = PBXSourcesBuildPhase;
			buildActionMask = 2147483647;
			files = (
				63E5DE162BFB19DA002030C8 /* GamesViewModel.swift in Sources */,
				63E5DE042BFAA68D002030C8 /* HomeView.swift in Sources */,
				637E16462BF97B2F00E52C1C /* ContentView.swift in Sources */,
				63E5DE142BFB19CA002030C8 /* HomeViewModel.swift in Sources */,
				63E5DE062BFB16FD002030C8 /* GamesView.swift in Sources */,
				63E5DE102BFB1992002030C8 /* HomeModel.swift in Sources */,
				637E16442BF97B2F00E52C1C /* GameStreamApp.swift in Sources */,
				63E5DE122BFB199D002030C8 /* GamesModel.swift in Sources */,
			);
			runOnlyForDeploymentPostprocessing = 0;
		};
		637E164C2BF97B3000E52C1C /* Sources */ = {
			isa = PBXSourcesBuildPhase;
			buildActionMask = 2147483647;
			files = (
				637E16552BF97B3000E52C1C /* GameStreamTests.swift in Sources */,
			);
			runOnlyForDeploymentPostprocessing = 0;
		};
		637E16562BF97B3000E52C1C /* Sources */ = {
			isa = PBXSourcesBuildPhase;
			buildActionMask = 2147483647;
			files = (
				637E16612BF97B3000E52C1C /* GameStreamUITestsLaunchTests.swift in Sources */,
				637E165F2BF97B3000E52C1C /* GameStreamUITests.swift in Sources */,
			);
			runOnlyForDeploymentPostprocessing = 0;
		};
/* End PBXSourcesBuildPhase section */

/* Begin PBXTargetDependency section */
		637E16522BF97B3000E52C1C /* PBXTargetDependency */ = {
			isa = PBXTargetDependency;
			target = 637E163F2BF97B2F00E52C1C /* GameStream */;
			targetProxy = 637E16512BF97B3000E52C1C /* PBXContainerItemProxy */;
		};
		637E165C2BF97B3000E52C1C /* PBXTargetDependency */ = {
			isa = PBXTargetDependency;
			target = 637E163F2BF97B2F00E52C1C /* GameStream */;
			targetProxy = 637E165B2BF97B3000E52C1C /* PBXContainerItemProxy */;
		};
/* End PBXTargetDependency section */

/* Begin XCBuildConfiguration section */
		637E16622BF97B3000E52C1C /* Debug */ = {
			isa = XCBuildConfiguration;
			buildSettings = {
				ALWAYS_SEARCH_USER_PATHS = NO;
				ASSETCATALOG_COMPILER_GENERATE_SWIFT_ASSET_SYMBOL_EXTENSIONS = YES;
				CLANG_ANALYZER_NONNULL = YES;
				CLANG_ANALYZER_NUMBER_OBJECT_CONVERSION = YES_AGGRESSIVE;
				CLANG_CXX_LANGUAGE_STANDARD = "gnu++20";
				CLANG_ENABLE_MODULES = YES;
				CLANG_ENABLE_OBJC_ARC = YES;
				CLANG_ENABLE_OBJC_WEAK = YES;
				CLANG_WARN_BLOCK_CAPTURE_AUTORELEASING = YES;
				CLANG_WARN_BOOL_CONVERSION = YES;
				CLANG_WARN_COMMA = YES;
				CLANG_WARN_CONSTANT_CONVERSION = YES;
				CLANG_WARN_DEPRECATED_OBJC_IMPLEMENTATIONS = YES;
				CLANG_WARN_DIRECT_OBJC_ISA_USAGE = YES_ERROR;
				CLANG_WARN_DOCUMENTATION_COMMENTS = YES;
				CLANG_WARN_EMPTY_BODY = YES;
				CLANG_WARN_ENUM_CONVERSION = YES;
				CLANG_WARN_INFINITE_RECURSION = YES;
				CLANG_WARN_INT_CONVERSION = YES;
				CLANG_WARN_NON_LITERAL_NULL_CONVERSION = YES;
				CLANG_WARN_OBJC_IMPLICIT_RETAIN_SELF = YES;
				CLANG_WARN_OBJC_LITERAL_CONVERSION = YES;
				CLANG_WARN_OBJC_ROOT_CLASS = YES_ERROR;
				CLANG_WARN_QUOTED_INCLUDE_IN_FRAMEWORK_HEADER = YES;
				CLANG_WARN_RANGE_LOOP_ANALYSIS = YES;
				CLANG_WARN_STRICT_PROTOTYPES = YES;
				CLANG_WARN_SUSPICIOUS_MOVE = YES;
				CLANG_WARN_UNGUARDED_AVAILABILITY = YES_AGGRESSIVE;
				CLANG_WARN_UNREACHABLE_CODE = YES;
				CLANG_WARN__DUPLICATE_METHOD_MATCH = YES;
				COPY_PHASE_STRIP = NO;
				DEBUG_INFORMATION_FORMAT = dwarf;
				ENABLE_STRICT_OBJC_MSGSEND = YES;
				ENABLE_TESTABILITY = YES;
				ENABLE_USER_SCRIPT_SANDBOXING = YES;
				GCC_C_LANGUAGE_STANDARD = gnu17;
				GCC_DYNAMIC_NO_PIC = NO;
				GCC_NO_COMMON_BLOCKS = YES;
				GCC_OPTIMIZATION_LEVEL = 0;
				GCC_PREPROCESSOR_DEFINITIONS = (
					"DEBUG=1",
					"$(inherited)",
				);
				GCC_WARN_64_TO_32_BIT_CONVERSION = YES;
				GCC_WARN_ABOUT_RETURN_TYPE = YES_ERROR;
				GCC_WARN_UNDECLARED_SELECTOR = YES;
				GCC_WARN_UNINITIALIZED_AUTOS = YES_AGGRESSIVE;
				GCC_WARN_UNUSED_FUNCTION = YES;
				GCC_WARN_UNUSED_VARIABLE = YES;
				IPHONEOS_DEPLOYMENT_TARGET = 17.5;
				LOCALIZATION_PREFERS_STRING_CATALOGS = YES;
				MTL_ENABLE_DEBUG_INFO = INCLUDE_SOURCE;
				MTL_FAST_MATH = YES;
				ONLY_ACTIVE_ARCH = YES;
				SDKROOT = iphoneos;
				SWIFT_ACTIVE_COMPILATION_CONDITIONS = "DEBUG $(inherited)";
				SWIFT_OPTIMIZATION_LEVEL = "-Onone";
			};
			name = Debug;
		};
		637E16632BF97B3000E52C1C /* Release */ = {
			isa = XCBuildConfiguration;
			buildSettings = {
				ALWAYS_SEARCH_USER_PATHS = NO;
				ASSETCATALOG_COMPILER_GENERATE_SWIFT_ASSET_SYMBOL_EXTENSIONS = YES;
				CLANG_ANALYZER_NONNULL = YES;
				CLANG_ANALYZER_NUMBER_OBJECT_CONVERSION = YES_AGGRESSIVE;
				CLANG_CXX_LANGUAGE_STANDARD = "gnu++20";
				CLANG_ENABLE_MODULES = YES;
				CLANG_ENABLE_OBJC_ARC = YES;
				CLANG_ENABLE_OBJC_WEAK = YES;
				CLANG_WARN_BLOCK_CAPTURE_AUTORELEASING = YES;
				CLANG_WARN_BOOL_CONVERSION = YES;
				CLANG_WARN_COMMA = YES;
				CLANG_WARN_CONSTANT_CONVERSION = YES;
				CLANG_WARN_DEPRECATED_OBJC_IMPLEMENTATIONS = YES;
				CLANG_WARN_DIRECT_OBJC_ISA_USAGE = YES_ERROR;
				CLANG_WARN_DOCUMENTATION_COMMENTS = YES;
				CLANG_WARN_EMPTY_BODY = YES;
				CLANG_WARN_ENUM_CONVERSION = YES;
				CLANG_WARN_INFINITE_RECURSION = YES;
				CLANG_WARN_INT_CONVERSION = YES;
				CLANG_WARN_NON_LITERAL_NULL_CONVERSION = YES;
				CLANG_WARN_OBJC_IMPLICIT_RETAIN_SELF = YES;
				CLANG_WARN_OBJC_LITERAL_CONVERSION = YES;
				CLANG_WARN_OBJC_ROOT_CLASS = YES_ERROR;
				CLANG_WARN_QUOTED_INCLUDE_IN_FRAMEWORK_HEADER = YES;
				CLANG_WARN_RANGE_LOOP_ANALYSIS = YES;
				CLANG_WARN_STRICT_PROTOTYPES = YES;
				CLANG_WARN_SUSPICIOUS_MOVE = YES;
				CLANG_WARN_UNGUARDED_AVAILABILITY = YES_AGGRESSIVE;
				CLANG_WARN_UNREACHABLE_CODE = YES;
				CLANG_WARN__DUPLICATE_METHOD_MATCH = YES;
				COPY_PHASE_STRIP = NO;
				DEBUG_INFORMATION_FORMAT = "dwarf-with-dsym";
				ENABLE_NS_ASSERTIONS = NO;
				ENABLE_STRICT_OBJC_MSGSEND = YES;
				ENABLE_USER_SCRIPT_SANDBOXING = YES;
				GCC_C_LANGUAGE_STANDARD = gnu17;
				GCC_NO_COMMON_BLOCKS = YES;
				GCC_WARN_64_TO_32_BIT_CONVERSION = YES;
				GCC_WARN_ABOUT_RETURN_TYPE = YES_ERROR;
				GCC_WARN_UNDECLARED_SELECTOR = YES;
				GCC_WARN_UNINITIALIZED_AUTOS = YES_AGGRESSIVE;
				GCC_WARN_UNUSED_FUNCTION = YES;
				GCC_WARN_UNUSED_VARIABLE = YES;
				IPHONEOS_DEPLOYMENT_TARGET = 17.5;
				LOCALIZATION_PREFERS_STRING_CATALOGS = YES;
				MTL_ENABLE_DEBUG_INFO = NO;
				MTL_FAST_MATH = YES;
				SDKROOT = iphoneos;
				SWIFT_COMPILATION_MODE = wholemodule;
				VALIDATE_PRODUCT = YES;
			};
			name = Release;
		};
		637E16652BF97B3000E52C1C /* Debug */ = {
			isa = XCBuildConfiguration;
			buildSettings = {
				ASSETCATALOG_COMPILER_APPICON_NAME = AppIcon;
				ASSETCATALOG_COMPILER_GLOBAL_ACCENT_COLOR_NAME = AccentColor;
				CODE_SIGN_STYLE = Automatic;
				CURRENT_PROJECT_VERSION = 1;
				DEVELOPMENT_ASSET_PATHS = "\"GameStream/Preview Content\"";
				DEVELOPMENT_TEAM = 6ZBPTVVD6W;
				ENABLE_PREVIEWS = YES;
				GENERATE_INFOPLIST_FILE = YES;
				INFOPLIST_KEY_UIApplicationSceneManifest_Generation = YES;
				INFOPLIST_KEY_UIApplicationSupportsIndirectInputEvents = YES;
				INFOPLIST_KEY_UILaunchScreen_Generation = YES;
				INFOPLIST_KEY_UISupportedInterfaceOrientations_iPad = "UIInterfaceOrientationPortrait UIInterfaceOrientationPortraitUpsideDown UIInterfaceOrientationLandscapeLeft UIInterfaceOrientationLandscapeRight";
				INFOPLIST_KEY_UISupportedInterfaceOrientations_iPhone = "UIInterfaceOrientationPortrait UIInterfaceOrientationLandscapeLeft UIInterfaceOrientationLandscapeRight";
				LD_RUNPATH_SEARCH_PATHS = (
					"$(inherited)",
					"@executable_path/Frameworks",
				);
				MARKETING_VERSION = 1.0;
				PRODUCT_BUNDLE_IDENTIFIER = com.platzi.GameStream;
				PRODUCT_NAME = "$(TARGET_NAME)";
				SWIFT_EMIT_LOC_STRINGS = YES;
				SWIFT_VERSION = 5.0;
				TARGETED_DEVICE_FAMILY = "1,2";
			};
			name = Debug;
		};
		637E16662BF97B3000E52C1C /* Release */ = {
			isa = XCBuildConfiguration;
			buildSettings = {
				ASSETCATALOG_COMPILER_APPICON_NAME = AppIcon;
				ASSETCATALOG_COMPILER_GLOBAL_ACCENT_COLOR_NAME = AccentColor;
				CODE_SIGN_STYLE = Automatic;
				CURRENT_PROJECT_VERSION = 1;
				DEVELOPMENT_ASSET_PATHS = "\"GameStream/Preview Content\"";
				DEVELOPMENT_TEAM = 6ZBPTVVD6W;
				ENABLE_PREVIEWS = YES;
				GENERATE_INFOPLIST_FILE = YES;
				INFOPLIST_KEY_UIApplicationSceneManifest_Generation = YES;
				INFOPLIST_KEY_UIApplicationSupportsIndirectInputEvents = YES;
				INFOPLIST_KEY_UILaunchScreen_Generation = YES;
				INFOPLIST_KEY_UISupportedInterfaceOrientations_iPad = "UIInterfaceOrientationPortrait UIInterfaceOrientationPortraitUpsideDown UIInterfaceOrientationLandscapeLeft UIInterfaceOrientationLandscapeRight";
				INFOPLIST_KEY_UISupportedInterfaceOrientations_iPhone = "UIInterfaceOrientationPortrait UIInterfaceOrientationLandscapeLeft UIInterfaceOrientationLandscapeRight";
				LD_RUNPATH_SEARCH_PATHS = (
					"$(inherited)",
					"@executable_path/Frameworks",
				);
				MARKETING_VERSION = 1.0;
				PRODUCT_BUNDLE_IDENTIFIER = com.platzi.GameStream;
				PRODUCT_NAME = "$(TARGET_NAME)";
				SWIFT_EMIT_LOC_STRINGS = YES;
				SWIFT_VERSION = 5.0;
				TARGETED_DEVICE_FAMILY = "1,2";
			};
			name = Release;
		};
		637E16682BF97B3000E52C1C /* Debug */ = {
			isa = XCBuildConfiguration;
			buildSettings = {
				ALWAYS_EMBED_SWIFT_STANDARD_LIBRARIES = YES;
				BUNDLE_LOADER = "$(TEST_HOST)";
				CODE_SIGN_STYLE = Automatic;
				CURRENT_PROJECT_VERSION = 1;
				DEVELOPMENT_TEAM = 6ZBPTVVD6W;
				GENERATE_INFOPLIST_FILE = YES;
				IPHONEOS_DEPLOYMENT_TARGET = 17.5;
				MARKETING_VERSION = 1.0;
				PRODUCT_BUNDLE_IDENTIFIER = com.platzi.GameStreamTests;
				PRODUCT_NAME = "$(TARGET_NAME)";
				SWIFT_EMIT_LOC_STRINGS = NO;
				SWIFT_VERSION = 5.0;
				TARGETED_DEVICE_FAMILY = "1,2";
				TEST_HOST = "$(BUILT_PRODUCTS_DIR)/GameStream.app/$(BUNDLE_EXECUTABLE_FOLDER_PATH)/GameStream";
			};
			name = Debug;
		};
		637E16692BF97B3000E52C1C /* Release */ = {
			isa = XCBuildConfiguration;
			buildSettings = {
				ALWAYS_EMBED_SWIFT_STANDARD_LIBRARIES = YES;
				BUNDLE_LOADER = "$(TEST_HOST)";
				CODE_SIGN_STYLE = Automatic;
				CURRENT_PROJECT_VERSION = 1;
				DEVELOPMENT_TEAM = 6ZBPTVVD6W;
				GENERATE_INFOPLIST_FILE = YES;
				IPHONEOS_DEPLOYMENT_TARGET = 17.5;
				MARKETING_VERSION = 1.0;
				PRODUCT_BUNDLE_IDENTIFIER = com.platzi.GameStreamTests;
				PRODUCT_NAME = "$(TARGET_NAME)";
				SWIFT_EMIT_LOC_STRINGS = NO;
				SWIFT_VERSION = 5.0;
				TARGETED_DEVICE_FAMILY = "1,2";
				TEST_HOST = "$(BUILT_PRODUCTS_DIR)/GameStream.app/$(BUNDLE_EXECUTABLE_FOLDER_PATH)/GameStream";
			};
			name = Release;
		};
		637E166B2BF97B3000E52C1C /* Debug */ = {
			isa = XCBuildConfiguration;
			buildSettings = {
				ALWAYS_EMBED_SWIFT_STANDARD_LIBRARIES = YES;
				CODE_SIGN_STYLE = Automatic;
				CURRENT_PROJECT_VERSION = 1;
				DEVELOPMENT_TEAM = 6ZBPTVVD6W;
				GENERATE_INFOPLIST_FILE = YES;
				MARKETING_VERSION = 1.0;
				PRODUCT_BUNDLE_IDENTIFIER = com.platzi.GameStreamUITests;
				PRODUCT_NAME = "$(TARGET_NAME)";
				SWIFT_EMIT_LOC_STRINGS = NO;
				SWIFT_VERSION = 5.0;
				TARGETED_DEVICE_FAMILY = "1,2";
				TEST_TARGET_NAME = GameStream;
			};
			name = Debug;
		};
		637E166C2BF97B3000E52C1C /* Release */ = {
			isa = XCBuildConfiguration;
			buildSettings = {
				ALWAYS_EMBED_SWIFT_STANDARD_LIBRARIES = YES;
				CODE_SIGN_STYLE = Automatic;
				CURRENT_PROJECT_VERSION = 1;
				DEVELOPMENT_TEAM = 6ZBPTVVD6W;
				GENERATE_INFOPLIST_FILE = YES;
				MARKETING_VERSION = 1.0;
				PRODUCT_BUNDLE_IDENTIFIER = com.platzi.GameStreamUITests;
				PRODUCT_NAME = "$(TARGET_NAME)";
				SWIFT_EMIT_LOC_STRINGS = NO;
				SWIFT_VERSION = 5.0;
				TARGETED_DEVICE_FAMILY = "1,2";
				TEST_TARGET_NAME = GameStream;
			};
			name = Release;
		};
/* End XCBuildConfiguration section */

/* Begin XCConfigurationList section */
		637E163B2BF97B2F00E52C1C /* Build configuration list for PBXProject "GameStream" */ = {
			isa = XCConfigurationList;
			buildConfigurations = (
				637E16622BF97B3000E52C1C /* Debug */,
				637E16632BF97B3000E52C1C /* Release */,
			);
			defaultConfigurationIsVisible = 0;
			defaultConfigurationName = Release;
		};
		637E16642BF97B3000E52C1C /* Build configuration list for PBXNativeTarget "GameStream" */ = {
			isa = XCConfigurationList;
			buildConfigurations = (
				637E16652BF97B3000E52C1C /* Debug */,
				637E16662BF97B3000E52C1C /* Release */,
			);
			defaultConfigurationIsVisible = 0;
			defaultConfigurationName = Release;
		};
		637E16672BF97B3000E52C1C /* Build configuration list for PBXNativeTarget "GameStreamTests" */ = {
			isa = XCConfigurationList;
			buildConfigurations = (
				637E16682BF97B3000E52C1C /* Debug */,
				637E16692BF97B3000E52C1C /* Release */,
			);
			defaultConfigurationIsVisible = 0;
			defaultConfigurationName = Release;
		};
		637E166A2BF97B3000E52C1C /* Build configuration list for PBXNativeTarget "GameStreamUITests" */ = {
			isa = XCConfigurationList;
			buildConfigurations = (
				637E166B2BF97B3000E52C1C /* Debug */,
				637E166C2BF97B3000E52C1C /* Release */,
			);
			defaultConfigurationIsVisible = 0;
			defaultConfigurationName = Release;
		};
/* End XCConfigurationList section */
	};
	rootObject = 637E16382BF97B2F00E52C1C /* Project object */;
}
